
Microsoft Visual Studio Solution File, Format Version 12.00
# Visual Studio Version 17
VisualStudioVersion = 17.0.31919.166
MinimumVisualStudioVersion = 10.0.40219.1
Project("{FAE04EC0-301F-11D3-BF4B-00C04F79EFBC}") = "Interfaz_final", "Interfaz_final\Interfaz_final.csproj", "{89793B2D-33BA-4AC4-B820-98122C4F56EB}"
EndProject
Global
	GlobalSection(SolutionConfigurationPlatforms) = preSolution
		Debug|Any CPU = Debug|Any CPU
		Release|Any CPU = Release|Any CPU
	EndGlobalSection
	GlobalSection(ProjectConfigurationPlatforms) = postSolution
		{89793B2D-33BA-4AC4-B820-98122C4F56EB}.Debug|Any CPU.ActiveCfg = Debug|Any CPU
		{89793B2D-33BA-4AC4-B820-98122C4F56EB}.Debug|Any CPU.Build.0 = Debug|Any CPU
		{89793B2D-33BA-4AC4-B820-98122C4F56EB}.Release|Any CPU.ActiveCfg = Release|Any CPU
		{89793B2D-33BA-4AC4-B820-98122C4F56EB}.Release|Any CPU.Build.0 = Release|Any CPU
	EndGlobalSection
	GlobalSection(SolutionProperties) = preSolution
		HideSolutionNode = FALSE
	EndGlobalSection
	GlobalSection(ExtensibilityGlobals) = postSolution
		SolutionGuid = {AE7A60FC-84DA-438E-8650-E4096F2EBDD4}
	EndGlobalSection
EndGlobal
